
Microsoft Visual Studio Solution File, Format Version 12.00
# Visual Studio Version 17
VisualStudioVersion = 17.5.33516.290
MinimumVisualStudioVersion = 10.0.40219.1
Project("{FAE04EC0-301F-11D3-BF4B-00C04F79EFBC}") = "VideoGameManager", "VideoGameManager\VideoGameManager.csproj", "{3A215244-8938-4662-948F-E8B5C0DB59EE}"
EndProject
Global
	GlobalSection(SolutionConfigurationPlatforms) = preSolution
		Debug|Any CPU = Debug|Any CPU
		Release|Any CPU = Release|Any CPU
	EndGlobalSection
	GlobalSection(ProjectConfigurationPlatforms) = postSolution
		{3A215244-8938-4662-948F-E8B5C0DB59EE}.Debug|Any CPU.ActiveCfg = Debug|Any CPU
		{3A215244-8938-4662-948F-E8B5C0DB59EE}.Debug|Any CPU.Build.0 = Debug|Any CPU
		{3A215244-8938-4662-948F-E8B5C0DB59EE}.Release|Any CPU.ActiveCfg = Release|Any CPU
		{3A215244-8938-4662-948F-E8B5C0DB59EE}.Release|Any CPU.Build.0 = Release|Any CPU
	EndGlobalSection
	GlobalSection(SolutionProperties) = preSolution
		HideSolutionNode = FALSE
	EndGlobalSection
	GlobalSection(ExtensibilityGlobals) = postSolution
		SolutionGuid = {89954832-5A11-4719-A5E9-8B38E19E3518}
	EndGlobalSection
EndGlobal
